{
  "lockfileVersion": 1,
  "workspaces": {
    "": {
      "name": "multi-lx-music-api",
      "dependencies": {
        "@types/bun": "^1.2.15",
        "@types/node": "^22.10.2",
        "got": "^14.4.7",
        "h3": "^1.15.3",
      },
    },
  },
  "packages": {
    "@sec-ant/readable-stream": ["@sec-ant/readable-stream@0.4.1", "https://registry.npmmirror.com/@sec-ant/readable-stream/-/readable-stream-0.4.1.tgz", {}, "sha512-831qok9r2t8AlxLko40y2ebgSDhenenCatLVeW/uBtnHPyhHOvG0C7TvfgecV+wHzIm5KUICgzmVpWS+IMEAeg=="],

    "@sindresorhus/is": ["@sindresorhus/is@7.0.2", "https://registry.npmmirror.com/@sindresorhus/is/-/is-7.0.2.tgz", {}, "sha512-d9xRovfKNz1SKieM0qJdO+PQonjnnIfSNWfHYnBSJ9hkjm0ZPw6HlxscDXYstp3z+7V2GOFHc+J0CYrYTjqCJw=="],

    "@szmarczak/http-timer": ["@szmarczak/http-timer@5.0.1", "https://registry.npmmirror.com/@szmarczak/http-timer/-/http-timer-5.0.1.tgz", { "dependencies": { "defer-to-connect": "^2.0.1" } }, "sha512-+PmQX0PiAYPMeVYe237LJAYvOMYW1j2rH5YROyS3b4CTVJum34HfRvKvAzozHAQG0TnHNdUfY9nCeUyRAs//cw=="],

    "@types/bun": ["@types/bun@1.2.15", "https://registry.npmmirror.com/@types/bun/-/bun-1.2.15.tgz", { "dependencies": { "bun-types": "1.2.15" } }, "sha512-U1ljPdBEphF0nw1MIk0hI7kPg7dFdPyM7EenHsp6W5loNHl7zqy6JQf/RKCgnUn2KDzUpkBwHPnEJEjII594bA=="],

    "@types/http-cache-semantics": ["@types/http-cache-semantics@4.0.4", "https://registry.npmmirror.com/@types/http-cache-semantics/-/http-cache-semantics-4.0.4.tgz", {}, "sha512-1m0bIFVc7eJWyve9S0RnuRgcQqF/Xd5QsUZAZeQFr1Q3/p9JWoQQEqmVy+DPTNpGXwhgIetAoYF8JSc33q29QA=="],

    "@types/node": ["@types/node@22.15.31", "https://registry.npmmirror.com/@types/node/-/node-22.15.31.tgz", { "dependencies": { "undici-types": "~6.21.0" } }, "sha512-jnVe5ULKl6tijxUhvQeNbQG/84fHfg+yMak02cT8QVhBx/F05rAVxCGBYYTh2EKz22D6JF5ktXuNwdx7b9iEGw=="],

    "bun-types": ["bun-types@1.2.15", "https://registry.npmmirror.com/bun-types/-/bun-types-1.2.15.tgz", { "dependencies": { "@types/node": "*" } }, "sha512-NarRIaS+iOaQU1JPfyKhZm4AsUOrwUOqRNHY0XxI8GI8jYxiLXLcdjYMG9UKS+fwWasc1uw1htV9AX24dD+p4w=="],

    "cacheable-lookup": ["cacheable-lookup@7.0.0", "https://registry.npmmirror.com/cacheable-lookup/-/cacheable-lookup-7.0.0.tgz", {}, "sha512-+qJyx4xiKra8mZrcwhjMRMUhD5NR1R8esPkzIYxX96JiecFoxAXFuz/GpR3+ev4PE1WamHip78wV0vcmPQtp8w=="],

    "cacheable-request": ["cacheable-request@12.0.1", "https://registry.npmmirror.com/cacheable-request/-/cacheable-request-12.0.1.tgz", { "dependencies": { "@types/http-cache-semantics": "^4.0.4", "get-stream": "^9.0.1", "http-cache-semantics": "^4.1.1", "keyv": "^4.5.4", "mimic-response": "^4.0.0", "normalize-url": "^8.0.1", "responselike": "^3.0.0" } }, "sha512-Yo9wGIQUaAfIbk+qY0X4cDQgCosecfBe3V9NSyeY4qPC2SAkbCS4Xj79VP8WOzitpJUZKc/wsRCYF5ariDIwkg=="],

    "cookie-es": ["cookie-es@1.2.2", "https://registry.npmmirror.com/cookie-es/-/cookie-es-1.2.2.tgz", {}, "sha512-+W7VmiVINB+ywl1HGXJXmrqkOhpKrIiVZV6tQuV54ZyQC7MMuBt81Vc336GMLoHBq5hV/F9eXgt5Mnx0Rha5Fg=="],

    "crossws": ["crossws@0.3.5", "https://registry.npmmirror.com/crossws/-/crossws-0.3.5.tgz", { "dependencies": { "uncrypto": "^0.1.3" } }, "sha512-ojKiDvcmByhwa8YYqbQI/hg7MEU0NC03+pSdEq4ZUnZR9xXpwk7E43SMNGkn+JxJGPFtNvQ48+vV2p+P1ml5PA=="],

    "decompress-response": ["decompress-response@6.0.0", "https://registry.npmmirror.com/decompress-response/-/decompress-response-6.0.0.tgz", { "dependencies": { "mimic-response": "^3.1.0" } }, "sha512-aW35yZM6Bb/4oJlZncMH2LCoZtJXTRxES17vE3hoRiowU2kWHaJKFkSBDnDR+cm9J+9QhXmREyIfv0pji9ejCQ=="],

    "defer-to-connect": ["defer-to-connect@2.0.1", "https://registry.npmmirror.com/defer-to-connect/-/defer-to-connect-2.0.1.tgz", {}, "sha512-4tvttepXG1VaYGrRibk5EwJd1t4udunSOVMdLSAL6mId1ix438oPwPZMALY41FCijukO1L0twNcGsdzS7dHgDg=="],

    "defu": ["defu@6.1.4", "https://registry.npmmirror.com/defu/-/defu-6.1.4.tgz", {}, "sha512-mEQCMmwJu317oSz8CwdIOdwf3xMif1ttiM8LTufzc3g6kR+9Pe236twL8j3IYT1F7GfRgGcW6MWxzZjLIkuHIg=="],

    "destr": ["destr@2.0.5", "https://registry.npmmirror.com/destr/-/destr-2.0.5.tgz", {}, "sha512-ugFTXCtDZunbzasqBxrK93Ik/DRYsO6S/fedkWEMKqt04xZ4csmnmwGDBAb07QWNaGMAmnTIemsYZCksjATwsA=="],

    "form-data-encoder": ["form-data-encoder@4.1.0", "https://registry.npmmirror.com/form-data-encoder/-/form-data-encoder-4.1.0.tgz", {}, "sha512-G6NsmEW15s0Uw9XnCg+33H3ViYRyiM0hMrMhhqQOR8NFc5GhYrI+6I3u7OTw7b91J2g8rtvMBZJDbcGb2YUniw=="],

    "get-stream": ["get-stream@9.0.1", "https://registry.npmmirror.com/get-stream/-/get-stream-9.0.1.tgz", { "dependencies": { "@sec-ant/readable-stream": "^0.4.1", "is-stream": "^4.0.1" } }, "sha512-kVCxPF3vQM/N0B1PmoqVUqgHP+EeVjmZSQn+1oCRPxd2P21P2F19lIgbR3HBosbB1PUhOAoctJnfEn2GbN2eZA=="],

    "got": ["got@14.4.7", "https://registry.npmmirror.com/got/-/got-14.4.7.tgz", { "dependencies": { "@sindresorhus/is": "^7.0.1", "@szmarczak/http-timer": "^5.0.1", "cacheable-lookup": "^7.0.0", "cacheable-request": "^12.0.1", "decompress-response": "^6.0.0", "form-data-encoder": "^4.0.2", "http2-wrapper": "^2.2.1", "lowercase-keys": "^3.0.0", "p-cancelable": "^4.0.1", "responselike": "^3.0.0", "type-fest": "^4.26.1" } }, "sha512-DI8zV1231tqiGzOiOzQWDhsBmncFW7oQDH6Zgy6pDPrqJuVZMtoSgPLLsBZQj8Jg4JFfwoOsDA8NGtLQLnIx2g=="],

    "h3": ["h3@1.15.3", "https://registry.npmmirror.com/h3/-/h3-1.15.3.tgz", { "dependencies": { "cookie-es": "^1.2.2", "crossws": "^0.3.4", "defu": "^6.1.4", "destr": "^2.0.5", "iron-webcrypto": "^1.2.1", "node-mock-http": "^1.0.0", "radix3": "^1.1.2", "ufo": "^1.6.1", "uncrypto": "^0.1.3" } }, "sha512-z6GknHqyX0h9aQaTx22VZDf6QyZn+0Nh+Ym8O/u0SGSkyF5cuTJYKlc8MkzW3Nzf9LE1ivcpmYC3FUGpywhuUQ=="],

    "http-cache-semantics": ["http-cache-semantics@4.2.0", "https://registry.npmmirror.com/http-cache-semantics/-/http-cache-semantics-4.2.0.tgz", {}, "sha512-dTxcvPXqPvXBQpq5dUr6mEMJX4oIEFv6bwom3FDwKRDsuIjjJGANqhBuoAn9c1RQJIdAKav33ED65E2ys+87QQ=="],

    "http2-wrapper": ["http2-wrapper@2.2.1", "https://registry.npmmirror.com/http2-wrapper/-/http2-wrapper-2.2.1.tgz", { "dependencies": { "quick-lru": "^5.1.1", "resolve-alpn": "^1.2.0" } }, "sha512-V5nVw1PAOgfI3Lmeaj2Exmeg7fenjhRUgz1lPSezy1CuhPYbgQtbQj4jZfEAEMlaL+vupsvhjqCyjzob0yxsmQ=="],

    "iron-webcrypto": ["iron-webcrypto@1.2.1", "https://registry.npmmirror.com/iron-webcrypto/-/iron-webcrypto-1.2.1.tgz", {}, "sha512-feOM6FaSr6rEABp/eDfVseKyTMDt+KGpeB35SkVn9Tyn0CqvVsY3EwI0v5i8nMHyJnzCIQf7nsy3p41TPkJZhg=="],

    "is-stream": ["is-stream@4.0.1", "https://registry.npmmirror.com/is-stream/-/is-stream-4.0.1.tgz", {}, "sha512-Dnz92NInDqYckGEUJv689RbRiTSEHCQ7wOVeALbkOz999YpqT46yMRIGtSNl2iCL1waAZSx40+h59NV/EwzV/A=="],

    "json-buffer": ["json-buffer@3.0.1", "https://registry.npmmirror.com/json-buffer/-/json-buffer-3.0.1.tgz", {}, "sha512-4bV5BfR2mqfQTJm+V5tPPdf+ZpuhiIvTuAB5g8kcrXOZpTT/QwwVRWBywX1ozr6lEuPdbHxwaJlm9G6mI2sfSQ=="],

    "keyv": ["keyv@4.5.4", "https://registry.npmmirror.com/keyv/-/keyv-4.5.4.tgz", { "dependencies": { "json-buffer": "3.0.1" } }, "sha512-oxVHkHR/EJf2CNXnWxRLW6mg7JyCCUcG0DtEGmL2ctUo1PNTin1PUil+r/+4r5MpVgC/fn1kjsx7mjSujKqIpw=="],

    "lowercase-keys": ["lowercase-keys@3.0.0", "https://registry.npmmirror.com/lowercase-keys/-/lowercase-keys-3.0.0.tgz", {}, "sha512-ozCC6gdQ+glXOQsveKD0YsDy8DSQFjDTz4zyzEHNV5+JP5D62LmfDZ6o1cycFx9ouG940M5dE8C8CTewdj2YWQ=="],

    "mimic-response": ["mimic-response@4.0.0", "https://registry.npmmirror.com/mimic-response/-/mimic-response-4.0.0.tgz", {}, "sha512-e5ISH9xMYU0DzrT+jl8q2ze9D6eWBto+I8CNpe+VI+K2J/F/k3PdkdTdz4wvGVH4NTpo+NRYTVIuMQEMMcsLqg=="],

    "node-mock-http": ["node-mock-http@1.0.0", "https://registry.npmmirror.com/node-mock-http/-/node-mock-http-1.0.0.tgz", {}, "sha512-0uGYQ1WQL1M5kKvGRXWQ3uZCHtLTO8hln3oBjIusM75WoesZ909uQJs/Hb946i2SS+Gsrhkaa6iAO17jRIv6DQ=="],

    "normalize-url": ["normalize-url@8.0.2", "https://registry.npmmirror.com/normalize-url/-/normalize-url-8.0.2.tgz", {}, "sha512-Ee/R3SyN4BuynXcnTaekmaVdbDAEiNrHqjQIA37mHU8G9pf7aaAD4ZX3XjBLo6rsdcxA/gtkcNYZLt30ACgynw=="],

    "p-cancelable": ["p-cancelable@4.0.1", "https://registry.npmmirror.com/p-cancelable/-/p-cancelable-4.0.1.tgz", {}, "sha512-wBowNApzd45EIKdO1LaU+LrMBwAcjfPaYtVzV3lmfM3gf8Z4CHZsiIqlM8TZZ8okYvh5A1cP6gTfCRQtwUpaUg=="],

    "quick-lru": ["quick-lru@5.1.1", "https://registry.npmmirror.com/quick-lru/-/quick-lru-5.1.1.tgz", {}, "sha512-WuyALRjWPDGtt/wzJiadO5AXY+8hZ80hVpe6MyivgraREW751X3SbhRvG3eLKOYN+8VEvqLcf3wdnt44Z4S4SA=="],

    "radix3": ["radix3@1.1.2", "https://registry.npmmirror.com/radix3/-/radix3-1.1.2.tgz", {}, "sha512-b484I/7b8rDEdSDKckSSBA8knMpcdsXudlE/LNL639wFoHKwLbEkQFZHWEYwDC0wa0FKUcCY+GAF73Z7wxNVFA=="],

    "resolve-alpn": ["resolve-alpn@1.2.1", "https://registry.npmmirror.com/resolve-alpn/-/resolve-alpn-1.2.1.tgz", {}, "sha512-0a1F4l73/ZFZOakJnQ3FvkJ2+gSTQWz/r2KE5OdDY0TxPm5h4GkqkWWfM47T7HsbnOtcJVEF4epCVy6u7Q3K+g=="],

    "responselike": ["responselike@3.0.0", "https://registry.npmmirror.com/responselike/-/responselike-3.0.0.tgz", { "dependencies": { "lowercase-keys": "^3.0.0" } }, "sha512-40yHxbNcl2+rzXvZuVkrYohathsSJlMTXKryG5y8uciHv1+xDLHQpgjG64JUO9nrEq2jGLH6IZ8BcZyw3wrweg=="],

    "type-fest": ["type-fest@4.41.0", "https://registry.npmmirror.com/type-fest/-/type-fest-4.41.0.tgz", {}, "sha512-TeTSQ6H5YHvpqVwBRcnLDCBnDOHWYu7IvGbHT6N8AOymcr9PJGjc1GTtiWZTYg0NCgYwvnYWEkVChQAr9bjfwA=="],

    "ufo": ["ufo@1.6.1", "https://registry.npmmirror.com/ufo/-/ufo-1.6.1.tgz", {}, "sha512-9a4/uxlTWJ4+a5i0ooc1rU7C7YOw3wT+UGqdeNNHWnOF9qcMBgLRS+4IYUqbczewFx4mLEig6gawh7X6mFlEkA=="],

    "uncrypto": ["uncrypto@0.1.3", "https://registry.npmmirror.com/uncrypto/-/uncrypto-0.1.3.tgz", {}, "sha512-Ql87qFHB3s/De2ClA9e0gsnS6zXG27SkTiSJwjCc9MebbfapQfuPzumMIUMi38ezPZVNFcHI9sUIepeQfw8J8Q=="],

    "undici-types": ["undici-types@6.21.0", "https://registry.npmmirror.com/undici-types/-/undici-types-6.21.0.tgz", {}, "sha512-iwDZqg0QAGrg9Rav5H4n0M64c3mkR59cJ6wQp+7C4nI0gsmExaedaYLNO44eT4AtBBwjbTiGPMlt2Md0T9H9JQ=="],

    "decompress-response/mimic-response": ["mimic-response@3.1.0", "https://registry.npmmirror.com/mimic-response/-/mimic-response-3.1.0.tgz", {}, "sha512-z0yWI+4FDrrweS8Zmt4Ej5HdJmky15+L2e6Wgn3+iK5fWzb6T3fhNFq2+MeTRb064c6Wr4N/wv0DzQTjNzHNGQ=="],
  }
}
